
Microsoft Visual Studio Solution File, Format Version 12.00
# Visual Studio Version 17
VisualStudioVersion = 17.5.002.0
MinimumVisualStudioVersion = 10.0.40219.1
Project("{9A19103F-16F7-4668-BE54-9A1E7A4F7556}") = "1AnswHomeWork001", "1AnswHomeWork001\1AnswHomeWork001.csproj", "{F01D8F06-083B-4D3F-BB24-E37FC172D58C}"
EndProject
Project("{9A19103F-16F7-4668-BE54-9A1E7A4F7556}") = "2HomeWork001", "2HomeWork001\2HomeWork001.csproj", "{C60FC8E7-11C3-43BC-86A2-0DF1F20623C6}"
EndProject
Project("{9A19103F-16F7-4668-BE54-9A1E7A4F7556}") = "2HomeWork002", "2HomeWork002\2HomeWork002.csproj", "{24CFF8FF-C8D1-40D5-B4DB-2F9F9732121A}"
EndProject
Project("{9A19103F-16F7-4668-BE54-9A1E7A4F7556}") = "2seminar001", "2seminar001\2seminar001.csproj", "{9E662CC1-8421-4B0D-B971-8761A23EB098}"
EndProject
Project("{9A19103F-16F7-4668-BE54-9A1E7A4F7556}") = "2seminar002", "2seminar002\2seminar002.csproj", "{CC38E3DC-1844-4608-9302-A6D472AF035A}"
EndProject
Project("{9A19103F-16F7-4668-BE54-9A1E7A4F7556}") = "2seminar003", "2seminar003\2seminar003.csproj", "{A335C0A5-F42A-46A7-8D44-05A74F8C76E9}"
EndProject
Project("{9A19103F-16F7-4668-BE54-9A1E7A4F7556}") = "2seminar004", "2seminar004\2seminar004.csproj", "{EB6C567F-2F41-49B2-896A-90D7F11845CC}"
EndProject
Project("{9A19103F-16F7-4668-BE54-9A1E7A4F7556}") = "2seminar005", "2seminar005\2seminar005.csproj", "{D873AA67-5CCC-41E8-9C28-75724228CE87}"
EndProject
Project("{9A19103F-16F7-4668-BE54-9A1E7A4F7556}") = "31seminar001", "31seminar001\31seminar001.csproj", "{D66F8BA0-617C-4B8F-83A6-6BBA172B8721}"
EndProject
Project("{9A19103F-16F7-4668-BE54-9A1E7A4F7556}") = "3HomeWork001", "3HomeWork001\3HomeWork001.csproj", "{9C98EEE5-D956-4C60-BA95-F60781FE0958}"
EndProject
Project("{9A19103F-16F7-4668-BE54-9A1E7A4F7556}") = "3HomeWork002", "3HomeWork002\3HomeWork002.csproj", "{1F73F420-2497-4E0D-A5A3-EAAD5E131DA5}"
EndProject
Project("{9A19103F-16F7-4668-BE54-9A1E7A4F7556}") = "3HomeWork003", "3HomeWork003\3HomeWork003.csproj", "{688CD6E6-C097-4444-ADE3-8D2D532594A4}"
EndProject
Project("{9A19103F-16F7-4668-BE54-9A1E7A4F7556}") = "3seminar001", "3seminar001\3seminar001.csproj", "{4BD78646-D8AA-41DF-A497-4B57C881FA59}"
EndProject
Project("{9A19103F-16F7-4668-BE54-9A1E7A4F7556}") = "3seminar002", "3seminar002\3seminar002.csproj", "{2378C4B7-6C75-4AF4-9469-55504B8037A1}"
EndProject
Project("{9A19103F-16F7-4668-BE54-9A1E7A4F7556}") = "3seminar003", "3seminar003\3seminar003.csproj", "{D06FF2A7-EF70-41EB-B5D4-D6D10B625B6D}"
EndProject
Project("{9A19103F-16F7-4668-BE54-9A1E7A4F7556}") = "3seminar004", "3seminar004\3seminar004.csproj", "{4D4D0E4F-7B9C-4978-A21F-E6C02DD3F93F}"
EndProject
Project("{9A19103F-16F7-4668-BE54-9A1E7A4F7556}") = "3seminar005", "3seminar005\3seminar005.csproj", "{6161C143-9196-4C65-B2F0-725A8591876D}"
EndProject
Project("{9A19103F-16F7-4668-BE54-9A1E7A4F7556}") = "4HomeWork001", "4HomeWork001\4HomeWork001.csproj", "{7D33D144-C2D8-4DED-B59A-C1101EAB499F}"
EndProject
Project("{9A19103F-16F7-4668-BE54-9A1E7A4F7556}") = "4HomeWork002", "4HomeWork002\4HomeWork002.csproj", "{5095628B-073E-40A0-84F6-9C217144AEB9}"
EndProject
Project("{9A19103F-16F7-4668-BE54-9A1E7A4F7556}") = "4HomeWork003", "4HomeWork003\4HomeWork003.csproj", "{1B2A39D9-74C2-4E29-8757-0159D3D73FD4}"
EndProject
Project("{9A19103F-16F7-4668-BE54-9A1E7A4F7556}") = "4seminar001", "4seminar001\4seminar001.csproj", "{854D7276-8E2F-40C1-9BF6-FDF3A6C9FA04}"
EndProject
Project("{9A19103F-16F7-4668-BE54-9A1E7A4F7556}") = "4seminar002", "4seminar002\4seminar002.csproj", "{813701B1-AA90-4506-BB5F-517BAA48911E}"
EndProject
Project("{9A19103F-16F7-4668-BE54-9A1E7A4F7556}") = "4seminar003", "4seminar003\4seminar003.csproj", "{3635D6CC-3A89-4B9C-9221-3F2F6B5F3D49}"
EndProject
Project("{9A19103F-16F7-4668-BE54-9A1E7A4F7556}") = "4seminar004", "4seminar004\4seminar004.csproj", "{5498057D-DB3F-48EC-ADCE-397BAA42A7B4}"
EndProject
Project("{9A19103F-16F7-4668-BE54-9A1E7A4F7556}") = "5HomeWork001", "5HomeWork001\5HomeWork001.csproj", "{71B93696-004A-4D6C-8733-07CF0B8BAF04}"
EndProject
Project("{9A19103F-16F7-4668-BE54-9A1E7A4F7556}") = "5HomeWork002", "5HomeWork002\5HomeWork002.csproj", "{5F71F8D6-3D3A-4721-8D1D-B91ADCD42D7B}"
EndProject
Project("{9A19103F-16F7-4668-BE54-9A1E7A4F7556}") = "5seminar001", "5seminar001\5seminar001.csproj", "{152919A3-5D1C-45D7-B4DB-B81681AE3A78}"
EndProject
Project("{9A19103F-16F7-4668-BE54-9A1E7A4F7556}") = "5seminar002", "5seminar002\5seminar002.csproj", "{4B500C5E-C0F5-4758-97A3-1FE89BF72F9D}"
EndProject
Project("{9A19103F-16F7-4668-BE54-9A1E7A4F7556}") = "5seminar003", "5seminar003\5seminar003.csproj", "{AACA860D-D415-4F30-A2F2-9057DC8E662E}"
EndProject
Project("{9A19103F-16F7-4668-BE54-9A1E7A4F7556}") = "5seminar004", "5seminar004\5seminar004.csproj", "{0E2DA15C-2FB3-43F6-B8A5-FD859A97E4E2}"
EndProject
Project("{9A19103F-16F7-4668-BE54-9A1E7A4F7556}") = "5seminar005", "5seminar005\5seminar005.csproj", "{3E2335A7-5003-4B31-B53C-FE70052F1C03}"
EndProject
Project("{9A19103F-16F7-4668-BE54-9A1E7A4F7556}") = "6seminar001", "6seminar001\6seminar001.csproj", "{51C5C014-430F-4C6E-A506-1903AD647118}"
EndProject
Project("{9A19103F-16F7-4668-BE54-9A1E7A4F7556}") = "6seminar002", "6seminar002\6seminar002.csproj", "{930EA4EA-6B82-4D13-8ED1-D6CBC3DD0ED8}"
EndProject
Project("{9A19103F-16F7-4668-BE54-9A1E7A4F7556}") = "6seminar003", "6seminar003\6seminar003.csproj", "{C09F75A5-D431-4CB2-89CE-5B10711C204B}"
EndProject
Project("{9A19103F-16F7-4668-BE54-9A1E7A4F7556}") = "6seminar004", "6seminar004\6seminar004.csproj", "{1AEA98A8-132C-48D3-8CDA-7596FE2EB4E5}"
EndProject
Project("{9A19103F-16F7-4668-BE54-9A1E7A4F7556}") = "6seminar005", "6seminar005\6seminar005.csproj", "{FAD27378-0000-4969-BB6C-C45CEBF35A78}"
EndProject
Project("{9A19103F-16F7-4668-BE54-9A1E7A4F7556}") = "6seminar006", "6seminar006\6seminar006.csproj", "{11FCAC90-A3F3-422E-AE3B-36D90063AEE8}"
EndProject
Project("{9A19103F-16F7-4668-BE54-9A1E7A4F7556}") = "HomeWork001", "HomeWork001\HomeWork001.csproj", "{8B3F1827-35E6-401B-8B9D-B74328964086}"
EndProject
Project("{9A19103F-16F7-4668-BE54-9A1E7A4F7556}") = "HomeWork002", "HomeWork002\HomeWork002.csproj", "{8A221FA6-812A-4B4B-A804-57404C5AC6C8}"
EndProject
Project("{9A19103F-16F7-4668-BE54-9A1E7A4F7556}") = "HomeWork003", "HomeWork003\HomeWork003.csproj", "{CFEAEE23-5E40-4418-B9AA-512C87A802BB}"
EndProject
Project("{9A19103F-16F7-4668-BE54-9A1E7A4F7556}") = "HomeWork004", "HomeWork004\HomeWork004.csproj", "{87F04AD9-D106-4B78-A2A1-9602C90C661F}"
EndProject
Project("{9A19103F-16F7-4668-BE54-9A1E7A4F7556}") = "HomeWork005", "HomeWork005\HomeWork005.csproj", "{EBD2AE63-14C3-4782-8211-DA284CB4840A}"
EndProject
Project("{9A19103F-16F7-4668-BE54-9A1E7A4F7556}") = "HomeWork006", "HomeWork006\HomeWork006.csproj", "{714C7873-1A89-4ED2-BC66-F7ABD8B3C159}"
EndProject
Project("{9A19103F-16F7-4668-BE54-9A1E7A4F7556}") = "HomeWork007", "HomeWork007\HomeWork007.csproj", "{75536965-EDE1-4871-A323-34CD7954836D}"
EndProject
Project("{9A19103F-16F7-4668-BE54-9A1E7A4F7556}") = "HomeWork008", "HomeWork008\HomeWork008.csproj", "{BA5B08C5-789D-4DBC-BF59-17EBE155A621}"
EndProject
Project("{9A19103F-16F7-4668-BE54-9A1E7A4F7556}") = "lec001", "lec001\lec001.csproj", "{26A8104D-E49D-4DEF-9C7F-EFE7622C68FB}"
EndProject
Project("{9A19103F-16F7-4668-BE54-9A1E7A4F7556}") = "lec002", "lec002\lec002.csproj", "{E9DF37E1-BE58-415C-A345-D63B5B22F728}"
EndProject
Project("{9A19103F-16F7-4668-BE54-9A1E7A4F7556}") = "lec003", "lec003\lec003.csproj", "{699A40DA-8EFE-473D-8078-771DD2B9797E}"
EndProject
Project("{9A19103F-16F7-4668-BE54-9A1E7A4F7556}") = "lec004", "lec004\lec004.csproj", "{CA75A8E6-383B-4B67-BD37-B0F24181115C}"
EndProject
Project("{9A19103F-16F7-4668-BE54-9A1E7A4F7556}") = "lec2c001", "lec2c001\lec2c001.csproj", "{C1E92007-72CE-4D49-97EA-12F59F25BD08}"
EndProject
Project("{9A19103F-16F7-4668-BE54-9A1E7A4F7556}") = "lec2c002", "lec2c002\lec2c002.csproj", "{CA26384C-F00F-47CE-9549-C0B3B3EEF772}"
EndProject
Project("{9A19103F-16F7-4668-BE54-9A1E7A4F7556}") = "lec2c003", "lec2c003\lec2c003.csproj", "{C412ED64-B94D-4D9A-87C0-F613D2FD61B8}"
EndProject
Project("{9A19103F-16F7-4668-BE54-9A1E7A4F7556}") = "lec2c004", "lec2c004\lec2c004.csproj", "{88926231-1AB4-4559-96BF-B28B52CEAA4B}"
EndProject
Project("{9A19103F-16F7-4668-BE54-9A1E7A4F7556}") = "lec3c001", "lec3c001\lec3c001.csproj", "{199B525B-7AE0-4DC3-91D0-C960B9BE705A}"
EndProject
Project("{9A19103F-16F7-4668-BE54-9A1E7A4F7556}") = "seminar001", "seminar001\seminar001.csproj", "{DB11DA45-8AE5-4698-8BD7-FC9D7A9F34E5}"
EndProject
Project("{9A19103F-16F7-4668-BE54-9A1E7A4F7556}") = "seminar002", "seminar002\seminar002.csproj", "{0A1245DB-1162-42E1-8387-12C0E77803FB}"
EndProject
Project("{9A19103F-16F7-4668-BE54-9A1E7A4F7556}") = "seminar003", "seminar003\seminar003.csproj", "{89F68301-2C65-4008-BA0E-5FFFF436E650}"
EndProject
Project("{9A19103F-16F7-4668-BE54-9A1E7A4F7556}") = "seminar004", "seminar004\seminar004.csproj", "{6701B75A-0048-4881-8289-2597793AF940}"
EndProject
Project("{9A19103F-16F7-4668-BE54-9A1E7A4F7556}") = "seminar005", "seminar005\seminar005.csproj", "{33540FE0-0F8E-4F7D-9EEB-9E93224006AB}"
EndProject
Project("{9A19103F-16F7-4668-BE54-9A1E7A4F7556}") = "seminar007", "seminar007\seminar007.csproj", "{42108C61-2ED4-4D24-877B-9720E4AAEA42}"
EndProject
Project("{9A19103F-16F7-4668-BE54-9A1E7A4F7556}") = "seminar008", "seminar008\seminar008.csproj", "{B0647E89-E508-4D22-AAA5-956AF8A87580}"
EndProject
Project("{9A19103F-16F7-4668-BE54-9A1E7A4F7556}") = "seminra006", "seminra006\seminra006.csproj", "{3E47F6F7-50B7-443E-9CDE-50D9C567B923}"
EndProject
Global
	GlobalSection(SolutionConfigurationPlatforms) = preSolution
		Debug|Any CPU = Debug|Any CPU
		Release|Any CPU = Release|Any CPU
	EndGlobalSection
	GlobalSection(ProjectConfigurationPlatforms) = postSolution
		{F01D8F06-083B-4D3F-BB24-E37FC172D58C}.Debug|Any CPU.ActiveCfg = Debug|Any CPU
		{F01D8F06-083B-4D3F-BB24-E37FC172D58C}.Debug|Any CPU.Build.0 = Debug|Any CPU
		{F01D8F06-083B-4D3F-BB24-E37FC172D58C}.Release|Any CPU.ActiveCfg = Release|Any CPU
		{F01D8F06-083B-4D3F-BB24-E37FC172D58C}.Release|Any CPU.Build.0 = Release|Any CPU
		{C60FC8E7-11C3-43BC-86A2-0DF1F20623C6}.Debug|Any CPU.ActiveCfg = Debug|Any CPU
		{C60FC8E7-11C3-43BC-86A2-0DF1F20623C6}.Debug|Any CPU.Build.0 = Debug|Any CPU
		{C60FC8E7-11C3-43BC-86A2-0DF1F20623C6}.Release|Any CPU.ActiveCfg = Release|Any CPU
		{C60FC8E7-11C3-43BC-86A2-0DF1F20623C6}.Release|Any CPU.Build.0 = Release|Any CPU
		{24CFF8FF-C8D1-40D5-B4DB-2F9F9732121A}.Debug|Any CPU.ActiveCfg = Debug|Any CPU
		{24CFF8FF-C8D1-40D5-B4DB-2F9F9732121A}.Debug|Any CPU.Build.0 = Debug|Any CPU
		{24CFF8FF-C8D1-40D5-B4DB-2F9F9732121A}.Release|Any CPU.ActiveCfg = Release|Any CPU
		{24CFF8FF-C8D1-40D5-B4DB-2F9F9732121A}.Release|Any CPU.Build.0 = Release|Any CPU
		{9E662CC1-8421-4B0D-B971-8761A23EB098}.Debug|Any CPU.ActiveCfg = Debug|Any CPU
		{9E662CC1-8421-4B0D-B971-8761A23EB098}.Debug|Any CPU.Build.0 = Debug|Any CPU
		{9E662CC1-8421-4B0D-B971-8761A23EB098}.Release|Any CPU.ActiveCfg = Release|Any CPU
		{9E662CC1-8421-4B0D-B971-8761A23EB098}.Release|Any CPU.Build.0 = Release|Any CPU
		{CC38E3DC-1844-4608-9302-A6D472AF035A}.Debug|Any CPU.ActiveCfg = Debug|Any CPU
		{CC38E3DC-1844-4608-9302-A6D472AF035A}.Debug|Any CPU.Build.0 = Debug|Any CPU
		{CC38E3DC-1844-4608-9302-A6D472AF035A}.Release|Any CPU.ActiveCfg = Release|Any CPU
		{CC38E3DC-1844-4608-9302-A6D472AF035A}.Release|Any CPU.Build.0 = Release|Any CPU
		{A335C0A5-F42A-46A7-8D44-05A74F8C76E9}.Debug|Any CPU.ActiveCfg = Debug|Any CPU
		{A335C0A5-F42A-46A7-8D44-05A74F8C76E9}.Debug|Any CPU.Build.0 = Debug|Any CPU
		{A335C0A5-F42A-46A7-8D44-05A74F8C76E9}.Release|Any CPU.ActiveCfg = Release|Any CPU
		{A335C0A5-F42A-46A7-8D44-05A74F8C76E9}.Release|Any CPU.Build.0 = Release|Any CPU
		{EB6C567F-2F41-49B2-896A-90D7F11845CC}.Debug|Any CPU.ActiveCfg = Debug|Any CPU
		{EB6C567F-2F41-49B2-896A-90D7F11845CC}.Debug|Any CPU.Build.0 = Debug|Any CPU
		{EB6C567F-2F41-49B2-896A-90D7F11845CC}.Release|Any CPU.ActiveCfg = Release|Any CPU
		{EB6C567F-2F41-49B2-896A-90D7F11845CC}.Release|Any CPU.Build.0 = Release|Any CPU
		{D873AA67-5CCC-41E8-9C28-75724228CE87}.Debug|Any CPU.ActiveCfg = Debug|Any CPU
		{D873AA67-5CCC-41E8-9C28-75724228CE87}.Debug|Any CPU.Build.0 = Debug|Any CPU
		{D873AA67-5CCC-41E8-9C28-75724228CE87}.Release|Any CPU.ActiveCfg = Release|Any CPU
		{D873AA67-5CCC-41E8-9C28-75724228CE87}.Release|Any CPU.Build.0 = Release|Any CPU
		{D66F8BA0-617C-4B8F-83A6-6BBA172B8721}.Debug|Any CPU.ActiveCfg = Debug|Any CPU
		{D66F8BA0-617C-4B8F-83A6-6BBA172B8721}.Debug|Any CPU.Build.0 = Debug|Any CPU
		{D66F8BA0-617C-4B8F-83A6-6BBA172B8721}.Release|Any CPU.ActiveCfg = Release|Any CPU
		{D66F8BA0-617C-4B8F-83A6-6BBA172B8721}.Release|Any CPU.Build.0 = Release|Any CPU
		{9C98EEE5-D956-4C60-BA95-F60781FE0958}.Debug|Any CPU.ActiveCfg = Debug|Any CPU
		{9C98EEE5-D956-4C60-BA95-F60781FE0958}.Debug|Any CPU.Build.0 = Debug|Any CPU
		{9C98EEE5-D956-4C60-BA95-F60781FE0958}.Release|Any CPU.ActiveCfg = Release|Any CPU
		{9C98EEE5-D956-4C60-BA95-F60781FE0958}.Release|Any CPU.Build.0 = Release|Any CPU
		{1F73F420-2497-4E0D-A5A3-EAAD5E131DA5}.Debug|Any CPU.ActiveCfg = Debug|Any CPU
		{1F73F420-2497-4E0D-A5A3-EAAD5E131DA5}.Debug|Any CPU.Build.0 = Debug|Any CPU
		{1F73F420-2497-4E0D-A5A3-EAAD5E131DA5}.Release|Any CPU.ActiveCfg = Release|Any CPU
		{1F73F420-2497-4E0D-A5A3-EAAD5E131DA5}.Release|Any CPU.Build.0 = Release|Any CPU
		{688CD6E6-C097-4444-ADE3-8D2D532594A4}.Debug|Any CPU.ActiveCfg = Debug|Any CPU
		{688CD6E6-C097-4444-ADE3-8D2D532594A4}.Debug|Any CPU.Build.0 = Debug|Any CPU
		{688CD6E6-C097-4444-ADE3-8D2D532594A4}.Release|Any CPU.ActiveCfg = Release|Any CPU
		{688CD6E6-C097-4444-ADE3-8D2D532594A4}.Release|Any CPU.Build.0 = Release|Any CPU
		{4BD78646-D8AA-41DF-A497-4B57C881FA59}.Debug|Any CPU.ActiveCfg = Debug|Any CPU
		{4BD78646-D8AA-41DF-A497-4B57C881FA59}.Debug|Any CPU.Build.0 = Debug|Any CPU
		{4BD78646-D8AA-41DF-A497-4B57C881FA59}.Release|Any CPU.ActiveCfg = Release|Any CPU
		{4BD78646-D8AA-41DF-A497-4B57C881FA59}.Release|Any CPU.Build.0 = Release|Any CPU
		{2378C4B7-6C75-4AF4-9469-55504B8037A1}.Debug|Any CPU.ActiveCfg = Debug|Any CPU
		{2378C4B7-6C75-4AF4-9469-55504B8037A1}.Debug|Any CPU.Build.0 = Debug|Any CPU
		{2378C4B7-6C75-4AF4-9469-55504B8037A1}.Release|Any CPU.ActiveCfg = Release|Any CPU
		{2378C4B7-6C75-4AF4-9469-55504B8037A1}.Release|Any CPU.Build.0 = Release|Any CPU
		{D06FF2A7-EF70-41EB-B5D4-D6D10B625B6D}.Debug|Any CPU.ActiveCfg = Debug|Any CPU
		{D06FF2A7-EF70-41EB-B5D4-D6D10B625B6D}.Debug|Any CPU.Build.0 = Debug|Any CPU
		{D06FF2A7-EF70-41EB-B5D4-D6D10B625B6D}.Release|Any CPU.ActiveCfg = Release|Any CPU
		{D06FF2A7-EF70-41EB-B5D4-D6D10B625B6D}.Release|Any CPU.Build.0 = Release|Any CPU
		{4D4D0E4F-7B9C-4978-A21F-E6C02DD3F93F}.Debug|Any CPU.ActiveCfg = Debug|Any CPU
		{4D4D0E4F-7B9C-4978-A21F-E6C02DD3F93F}.Debug|Any CPU.Build.0 = Debug|Any CPU
		{4D4D0E4F-7B9C-4978-A21F-E6C02DD3F93F}.Release|Any CPU.ActiveCfg = Release|Any CPU
		{4D4D0E4F-7B9C-4978-A21F-E6C02DD3F93F}.Release|Any CPU.Build.0 = Release|Any CPU
		{6161C143-9196-4C65-B2F0-725A8591876D}.Debug|Any CPU.ActiveCfg = Debug|Any CPU
		{6161C143-9196-4C65-B2F0-725A8591876D}.Debug|Any CPU.Build.0 = Debug|Any CPU
		{6161C143-9196-4C65-B2F0-725A8591876D}.Release|Any CPU.ActiveCfg = Release|Any CPU
		{6161C143-9196-4C65-B2F0-725A8591876D}.Release|Any CPU.Build.0 = Release|Any CPU
		{7D33D144-C2D8-4DED-B59A-C1101EAB499F}.Debug|Any CPU.ActiveCfg = Debug|Any CPU
		{7D33D144-C2D8-4DED-B59A-C1101EAB499F}.Debug|Any CPU.Build.0 = Debug|Any CPU
		{7D33D144-C2D8-4DED-B59A-C1101EAB499F}.Release|Any CPU.ActiveCfg = Release|Any CPU
		{7D33D144-C2D8-4DED-B59A-C1101EAB499F}.Release|Any CPU.Build.0 = Release|Any CPU
		{5095628B-073E-40A0-84F6-9C217144AEB9}.Debug|Any CPU.ActiveCfg = Debug|Any CPU
		{5095628B-073E-40A0-84F6-9C217144AEB9}.Debug|Any CPU.Build.0 = Debug|Any CPU
		{5095628B-073E-40A0-84F6-9C217144AEB9}.Release|Any CPU.ActiveCfg = Release|Any CPU
		{5095628B-073E-40A0-84F6-9C217144AEB9}.Release|Any CPU.Build.0 = Release|Any CPU
		{1B2A39D9-74C2-4E29-8757-0159D3D73FD4}.Debug|Any CPU.ActiveCfg = Debug|Any CPU
		{1B2A39D9-74C2-4E29-8757-0159D3D73FD4}.Debug|Any CPU.Build.0 = Debug|Any CPU
		{1B2A39D9-74C2-4E29-8757-0159D3D73FD4}.Release|Any CPU.ActiveCfg = Release|Any CPU
		{1B2A39D9-74C2-4E29-8757-0159D3D73FD4}.Release|Any CPU.Build.0 = Release|Any CPU
		{854D7276-8E2F-40C1-9BF6-FDF3A6C9FA04}.Debug|Any CPU.ActiveCfg = Debug|Any CPU
		{854D7276-8E2F-40C1-9BF6-FDF3A6C9FA04}.Debug|Any CPU.Build.0 = Debug|Any CPU
		{854D7276-8E2F-40C1-9BF6-FDF3A6C9FA04}.Release|Any CPU.ActiveCfg = Release|Any CPU
		{854D7276-8E2F-40C1-9BF6-FDF3A6C9FA04}.Release|Any CPU.Build.0 = Release|Any CPU
		{813701B1-AA90-4506-BB5F-517BAA48911E}.Debug|Any CPU.ActiveCfg = Debug|Any CPU
		{813701B1-AA90-4506-BB5F-517BAA48911E}.Debug|Any CPU.Build.0 = Debug|Any CPU
		{813701B1-AA90-4506-BB5F-517BAA48911E}.Release|Any CPU.ActiveCfg = Release|Any CPU
		{813701B1-AA90-4506-BB5F-517BAA48911E}.Release|Any CPU.Build.0 = Release|Any CPU
		{3635D6CC-3A89-4B9C-9221-3F2F6B5F3D49}.Debug|Any CPU.ActiveCfg = Debug|Any CPU
		{3635D6CC-3A89-4B9C-9221-3F2F6B5F3D49}.Debug|Any CPU.Build.0 = Debug|Any CPU
		{3635D6CC-3A89-4B9C-9221-3F2F6B5F3D49}.Release|Any CPU.ActiveCfg = Release|Any CPU
		{3635D6CC-3A89-4B9C-9221-3F2F6B5F3D49}.Release|Any CPU.Build.0 = Release|Any CPU
		{5498057D-DB3F-48EC-ADCE-397BAA42A7B4}.Debug|Any CPU.ActiveCfg = Debug|Any CPU
		{5498057D-DB3F-48EC-ADCE-397BAA42A7B4}.Debug|Any CPU.Build.0 = Debug|Any CPU
		{5498057D-DB3F-48EC-ADCE-397BAA42A7B4}.Release|Any CPU.ActiveCfg = Release|Any CPU
		{5498057D-DB3F-48EC-ADCE-397BAA42A7B4}.Release|Any CPU.Build.0 = Release|Any CPU
		{71B93696-004A-4D6C-8733-07CF0B8BAF04}.Debug|Any CPU.ActiveCfg = Debug|Any CPU
		{71B93696-004A-4D6C-8733-07CF0B8BAF04}.Debug|Any CPU.Build.0 = Debug|Any CPU
		{71B93696-004A-4D6C-8733-07CF0B8BAF04}.Release|Any CPU.ActiveCfg = Release|Any CPU
		{71B93696-004A-4D6C-8733-07CF0B8BAF04}.Release|Any CPU.Build.0 = Release|Any CPU
		{5F71F8D6-3D3A-4721-8D1D-B91ADCD42D7B}.Debug|Any CPU.ActiveCfg = Debug|Any CPU
		{5F71F8D6-3D3A-4721-8D1D-B91ADCD42D7B}.Debug|Any CPU.Build.0 = Debug|Any CPU
		{5F71F8D6-3D3A-4721-8D1D-B91ADCD42D7B}.Release|Any CPU.ActiveCfg = Release|Any CPU
		{5F71F8D6-3D3A-4721-8D1D-B91ADCD42D7B}.Release|Any CPU.Build.0 = Release|Any CPU
		{152919A3-5D1C-45D7-B4DB-B81681AE3A78}.Debug|Any CPU.ActiveCfg = Debug|Any CPU
		{152919A3-5D1C-45D7-B4DB-B81681AE3A78}.Debug|Any CPU.Build.0 = Debug|Any CPU
		{152919A3-5D1C-45D7-B4DB-B81681AE3A78}.Release|Any CPU.ActiveCfg = Release|Any CPU
		{152919A3-5D1C-45D7-B4DB-B81681AE3A78}.Release|Any CPU.Build.0 = Release|Any CPU
		{4B500C5E-C0F5-4758-97A3-1FE89BF72F9D}.Debug|Any CPU.ActiveCfg = Debug|Any CPU
		{4B500C5E-C0F5-4758-97A3-1FE89BF72F9D}.Debug|Any CPU.Build.0 = Debug|Any CPU
		{4B500C5E-C0F5-4758-97A3-1FE89BF72F9D}.Release|Any CPU.ActiveCfg = Release|Any CPU
		{4B500C5E-C0F5-4758-97A3-1FE89BF72F9D}.Release|Any CPU.Build.0 = Release|Any CPU
		{AACA860D-D415-4F30-A2F2-9057DC8E662E}.Debug|Any CPU.ActiveCfg = Debug|Any CPU
		{AACA860D-D415-4F30-A2F2-9057DC8E662E}.Debug|Any CPU.Build.0 = Debug|Any CPU
		{AACA860D-D415-4F30-A2F2-9057DC8E662E}.Release|Any CPU.ActiveCfg = Release|Any CPU
		{AACA860D-D415-4F30-A2F2-9057DC8E662E}.Release|Any CPU.Build.0 = Release|Any CPU
		{0E2DA15C-2FB3-43F6-B8A5-FD859A97E4E2}.Debug|Any CPU.ActiveCfg = Debug|Any CPU
		{0E2DA15C-2FB3-43F6-B8A5-FD859A97E4E2}.Debug|Any CPU.Build.0 = Debug|Any CPU
		{0E2DA15C-2FB3-43F6-B8A5-FD859A97E4E2}.Release|Any CPU.ActiveCfg = Release|Any CPU
		{0E2DA15C-2FB3-43F6-B8A5-FD859A97E4E2}.Release|Any CPU.Build.0 = Release|Any CPU
		{3E2335A7-5003-4B31-B53C-FE70052F1C03}.Debug|Any CPU.ActiveCfg = Debug|Any CPU
		{3E2335A7-5003-4B31-B53C-FE70052F1C03}.Debug|Any CPU.Build.0 = Debug|Any CPU
		{3E2335A7-5003-4B31-B53C-FE70052F1C03}.Release|Any CPU.ActiveCfg = Release|Any CPU
		{3E2335A7-5003-4B31-B53C-FE70052F1C03}.Release|Any CPU.Build.0 = Release|Any CPU
		{51C5C014-430F-4C6E-A506-1903AD647118}.Debug|Any CPU.ActiveCfg = Debug|Any CPU
		{51C5C014-430F-4C6E-A506-1903AD647118}.Debug|Any CPU.Build.0 = Debug|Any CPU
		{51C5C014-430F-4C6E-A506-1903AD647118}.Release|Any CPU.ActiveCfg = Release|Any CPU
		{51C5C014-430F-4C6E-A506-1903AD647118}.Release|Any CPU.Build.0 = Release|Any CPU
		{930EA4EA-6B82-4D13-8ED1-D6CBC3DD0ED8}.Debug|Any CPU.ActiveCfg = Debug|Any CPU
		{930EA4EA-6B82-4D13-8ED1-D6CBC3DD0ED8}.Debug|Any CPU.Build.0 = Debug|Any CPU
		{930EA4EA-6B82-4D13-8ED1-D6CBC3DD0ED8}.Release|Any CPU.ActiveCfg = Release|Any CPU
		{930EA4EA-6B82-4D13-8ED1-D6CBC3DD0ED8}.Release|Any CPU.Build.0 = Release|Any CPU
		{C09F75A5-D431-4CB2-89CE-5B10711C204B}.Debug|Any CPU.ActiveCfg = Debug|Any CPU
		{C09F75A5-D431-4CB2-89CE-5B10711C204B}.Debug|Any CPU.Build.0 = Debug|Any CPU
		{C09F75A5-D431-4CB2-89CE-5B10711C204B}.Release|Any CPU.ActiveCfg = Release|Any CPU
		{C09F75A5-D431-4CB2-89CE-5B10711C204B}.Release|Any CPU.Build.0 = Release|Any CPU
		{1AEA98A8-132C-48D3-8CDA-7596FE2EB4E5}.Debug|Any CPU.ActiveCfg = Debug|Any CPU
		{1AEA98A8-132C-48D3-8CDA-7596FE2EB4E5}.Debug|Any CPU.Build.0 = Debug|Any CPU
		{1AEA98A8-132C-48D3-8CDA-7596FE2EB4E5}.Release|Any CPU.ActiveCfg = Release|Any CPU
		{1AEA98A8-132C-48D3-8CDA-7596FE2EB4E5}.Release|Any CPU.Build.0 = Release|Any CPU
		{FAD27378-0000-4969-BB6C-C45CEBF35A78}.Debug|Any CPU.ActiveCfg = Debug|Any CPU
		{FAD27378-0000-4969-BB6C-C45CEBF35A78}.Debug|Any CPU.Build.0 = Debug|Any CPU
		{FAD27378-0000-4969-BB6C-C45CEBF35A78}.Release|Any CPU.ActiveCfg = Release|Any CPU
		{FAD27378-0000-4969-BB6C-C45CEBF35A78}.Release|Any CPU.Build.0 = Release|Any CPU
		{11FCAC90-A3F3-422E-AE3B-36D90063AEE8}.Debug|Any CPU.ActiveCfg = Debug|Any CPU
		{11FCAC90-A3F3-422E-AE3B-36D90063AEE8}.Debug|Any CPU.Build.0 = Debug|Any CPU
		{11FCAC90-A3F3-422E-AE3B-36D90063AEE8}.Release|Any CPU.ActiveCfg = Release|Any CPU
		{11FCAC90-A3F3-422E-AE3B-36D90063AEE8}.Release|Any CPU.Build.0 = Release|Any CPU
		{8B3F1827-35E6-401B-8B9D-B74328964086}.Debug|Any CPU.ActiveCfg = Debug|Any CPU
		{8B3F1827-35E6-401B-8B9D-B74328964086}.Debug|Any CPU.Build.0 = Debug|Any CPU
		{8B3F1827-35E6-401B-8B9D-B74328964086}.Release|Any CPU.ActiveCfg = Release|Any CPU
		{8B3F1827-35E6-401B-8B9D-B74328964086}.Release|Any CPU.Build.0 = Release|Any CPU
		{8A221FA6-812A-4B4B-A804-57404C5AC6C8}.Debug|Any CPU.ActiveCfg = Debug|Any CPU
		{8A221FA6-812A-4B4B-A804-57404C5AC6C8}.Debug|Any CPU.Build.0 = Debug|Any CPU
		{8A221FA6-812A-4B4B-A804-57404C5AC6C8}.Release|Any CPU.ActiveCfg = Release|Any CPU
		{8A221FA6-812A-4B4B-A804-57404C5AC6C8}.Release|Any CPU.Build.0 = Release|Any CPU
		{CFEAEE23-5E40-4418-B9AA-512C87A802BB}.Debug|Any CPU.ActiveCfg = Debug|Any CPU
		{CFEAEE23-5E40-4418-B9AA-512C87A802BB}.Debug|Any CPU.Build.0 = Debug|Any CPU
		{CFEAEE23-5E40-4418-B9AA-512C87A802BB}.Release|Any CPU.ActiveCfg = Release|Any CPU
		{CFEAEE23-5E40-4418-B9AA-512C87A802BB}.Release|Any CPU.Build.0 = Release|Any CPU
		{87F04AD9-D106-4B78-A2A1-9602C90C661F}.Debug|Any CPU.ActiveCfg = Debug|Any CPU
		{87F04AD9-D106-4B78-A2A1-9602C90C661F}.Debug|Any CPU.Build.0 = Debug|Any CPU
		{87F04AD9-D106-4B78-A2A1-9602C90C661F}.Release|Any CPU.ActiveCfg = Release|Any CPU
		{87F04AD9-D106-4B78-A2A1-9602C90C661F}.Release|Any CPU.Build.0 = Release|Any CPU
		{EBD2AE63-14C3-4782-8211-DA284CB4840A}.Debug|Any CPU.ActiveCfg = Debug|Any CPU
		{EBD2AE63-14C3-4782-8211-DA284CB4840A}.Debug|Any CPU.Build.0 = Debug|Any CPU
		{EBD2AE63-14C3-4782-8211-DA284CB4840A}.Release|Any CPU.ActiveCfg = Release|Any CPU
		{EBD2AE63-14C3-4782-8211-DA284CB4840A}.Release|Any CPU.Build.0 = Release|Any CPU
		{714C7873-1A89-4ED2-BC66-F7ABD8B3C159}.Debug|Any CPU.ActiveCfg = Debug|Any CPU
		{714C7873-1A89-4ED2-BC66-F7ABD8B3C159}.Debug|Any CPU.Build.0 = Debug|Any CPU
		{714C7873-1A89-4ED2-BC66-F7ABD8B3C159}.Release|Any CPU.ActiveCfg = Release|Any CPU
		{714C7873-1A89-4ED2-BC66-F7ABD8B3C159}.Release|Any CPU.Build.0 = Release|Any CPU
		{75536965-EDE1-4871-A323-34CD7954836D}.Debug|Any CPU.ActiveCfg = Debug|Any CPU
		{75536965-EDE1-4871-A323-34CD7954836D}.Debug|Any CPU.Build.0 = Debug|Any CPU
		{75536965-EDE1-4871-A323-34CD7954836D}.Release|Any CPU.ActiveCfg = Release|Any CPU
		{75536965-EDE1-4871-A323-34CD7954836D}.Release|Any CPU.Build.0 = Release|Any CPU
		{BA5B08C5-789D-4DBC-BF59-17EBE155A621}.Debug|Any CPU.ActiveCfg = Debug|Any CPU
		{BA5B08C5-789D-4DBC-BF59-17EBE155A621}.Debug|Any CPU.Build.0 = Debug|Any CPU
		{BA5B08C5-789D-4DBC-BF59-17EBE155A621}.Release|Any CPU.ActiveCfg = Release|Any CPU
		{BA5B08C5-789D-4DBC-BF59-17EBE155A621}.Release|Any CPU.Build.0 = Release|Any CPU
		{26A8104D-E49D-4DEF-9C7F-EFE7622C68FB}.Debug|Any CPU.ActiveCfg = Debug|Any CPU
		{26A8104D-E49D-4DEF-9C7F-EFE7622C68FB}.Debug|Any CPU.Build.0 = Debug|Any CPU
		{26A8104D-E49D-4DEF-9C7F-EFE7622C68FB}.Release|Any CPU.ActiveCfg = Release|Any CPU
		{26A8104D-E49D-4DEF-9C7F-EFE7622C68FB}.Release|Any CPU.Build.0 = Release|Any CPU
		{E9DF37E1-BE58-415C-A345-D63B5B22F728}.Debug|Any CPU.ActiveCfg = Debug|Any CPU
		{E9DF37E1-BE58-415C-A345-D63B5B22F728}.Debug|Any CPU.Build.0 = Debug|Any CPU
		{E9DF37E1-BE58-415C-A345-D63B5B22F728}.Release|Any CPU.ActiveCfg = Release|Any CPU
		{E9DF37E1-BE58-415C-A345-D63B5B22F728}.Release|Any CPU.Build.0 = Release|Any CPU
		{699A40DA-8EFE-473D-8078-771DD2B9797E}.Debug|Any CPU.ActiveCfg = Debug|Any CPU
		{699A40DA-8EFE-473D-8078-771DD2B9797E}.Debug|Any CPU.Build.0 = Debug|Any CPU
		{699A40DA-8EFE-473D-8078-771DD2B9797E}.Release|Any CPU.ActiveCfg = Release|Any CPU
		{699A40DA-8EFE-473D-8078-771DD2B9797E}.Release|Any CPU.Build.0 = Release|Any CPU
		{CA75A8E6-383B-4B67-BD37-B0F24181115C}.Debug|Any CPU.ActiveCfg = Debug|Any CPU
		{CA75A8E6-383B-4B67-BD37-B0F24181115C}.Debug|Any CPU.Build.0 = Debug|Any CPU
		{CA75A8E6-383B-4B67-BD37-B0F24181115C}.Release|Any CPU.ActiveCfg = Release|Any CPU
		{CA75A8E6-383B-4B67-BD37-B0F24181115C}.Release|Any CPU.Build.0 = Release|Any CPU
		{C1E92007-72CE-4D49-97EA-12F59F25BD08}.Debug|Any CPU.ActiveCfg = Debug|Any CPU
		{C1E92007-72CE-4D49-97EA-12F59F25BD08}.Debug|Any CPU.Build.0 = Debug|Any CPU
		{C1E92007-72CE-4D49-97EA-12F59F25BD08}.Release|Any CPU.ActiveCfg = Release|Any CPU
		{C1E92007-72CE-4D49-97EA-12F59F25BD08}.Release|Any CPU.Build.0 = Release|Any CPU
		{CA26384C-F00F-47CE-9549-C0B3B3EEF772}.Debug|Any CPU.ActiveCfg = Debug|Any CPU
		{CA26384C-F00F-47CE-9549-C0B3B3EEF772}.Debug|Any CPU.Build.0 = Debug|Any CPU
		{CA26384C-F00F-47CE-9549-C0B3B3EEF772}.Release|Any CPU.ActiveCfg = Release|Any CPU
		{CA26384C-F00F-47CE-9549-C0B3B3EEF772}.Release|Any CPU.Build.0 = Release|Any CPU
		{C412ED64-B94D-4D9A-87C0-F613D2FD61B8}.Debug|Any CPU.ActiveCfg = Debug|Any CPU
		{C412ED64-B94D-4D9A-87C0-F613D2FD61B8}.Debug|Any CPU.Build.0 = Debug|Any CPU
		{C412ED64-B94D-4D9A-87C0-F613D2FD61B8}.Release|Any CPU.ActiveCfg = Release|Any CPU
		{C412ED64-B94D-4D9A-87C0-F613D2FD61B8}.Release|Any CPU.Build.0 = Release|Any CPU
		{88926231-1AB4-4559-96BF-B28B52CEAA4B}.Debug|Any CPU.ActiveCfg = Debug|Any CPU
		{88926231-1AB4-4559-96BF-B28B52CEAA4B}.Debug|Any CPU.Build.0 = Debug|Any CPU
		{88926231-1AB4-4559-96BF-B28B52CEAA4B}.Release|Any CPU.ActiveCfg = Release|Any CPU
		{88926231-1AB4-4559-96BF-B28B52CEAA4B}.Release|Any CPU.Build.0 = Release|Any CPU
		{199B525B-7AE0-4DC3-91D0-C960B9BE705A}.Debug|Any CPU.ActiveCfg = Debug|Any CPU
		{199B525B-7AE0-4DC3-91D0-C960B9BE705A}.Debug|Any CPU.Build.0 = Debug|Any CPU
		{199B525B-7AE0-4DC3-91D0-C960B9BE705A}.Release|Any CPU.ActiveCfg = Release|Any CPU
		{199B525B-7AE0-4DC3-91D0-C960B9BE705A}.Release|Any CPU.Build.0 = Release|Any CPU
		{DB11DA45-8AE5-4698-8BD7-FC9D7A9F34E5}.Debug|Any CPU.ActiveCfg = Debug|Any CPU
		{DB11DA45-8AE5-4698-8BD7-FC9D7A9F34E5}.Debug|Any CPU.Build.0 = Debug|Any CPU
		{DB11DA45-8AE5-4698-8BD7-FC9D7A9F34E5}.Release|Any CPU.ActiveCfg = Release|Any CPU
		{DB11DA45-8AE5-4698-8BD7-FC9D7A9F34E5}.Release|Any CPU.Build.0 = Release|Any CPU
		{0A1245DB-1162-42E1-8387-12C0E77803FB}.Debug|Any CPU.ActiveCfg = Debug|Any CPU
		{0A1245DB-1162-42E1-8387-12C0E77803FB}.Debug|Any CPU.Build.0 = Debug|Any CPU
		{0A1245DB-1162-42E1-8387-12C0E77803FB}.Release|Any CPU.ActiveCfg = Release|Any CPU
		{0A1245DB-1162-42E1-8387-12C0E77803FB}.Release|Any CPU.Build.0 = Release|Any CPU
		{89F68301-2C65-4008-BA0E-5FFFF436E650}.Debug|Any CPU.ActiveCfg = Debug|Any CPU
		{89F68301-2C65-4008-BA0E-5FFFF436E650}.Debug|Any CPU.Build.0 = Debug|Any CPU
		{89F68301-2C65-4008-BA0E-5FFFF436E650}.Release|Any CPU.ActiveCfg = Release|Any CPU
		{89F68301-2C65-4008-BA0E-5FFFF436E650}.Release|Any CPU.Build.0 = Release|Any CPU
		{6701B75A-0048-4881-8289-2597793AF940}.Debug|Any CPU.ActiveCfg = Debug|Any CPU
		{6701B75A-0048-4881-8289-2597793AF940}.Debug|Any CPU.Build.0 = Debug|Any CPU
		{6701B75A-0048-4881-8289-2597793AF940}.Release|Any CPU.ActiveCfg = Release|Any CPU
		{6701B75A-0048-4881-8289-2597793AF940}.Release|Any CPU.Build.0 = Release|Any CPU
		{33540FE0-0F8E-4F7D-9EEB-9E93224006AB}.Debug|Any CPU.ActiveCfg = Debug|Any CPU
		{33540FE0-0F8E-4F7D-9EEB-9E93224006AB}.Debug|Any CPU.Build.0 = Debug|Any CPU
		{33540FE0-0F8E-4F7D-9EEB-9E93224006AB}.Release|Any CPU.ActiveCfg = Release|Any CPU
		{33540FE0-0F8E-4F7D-9EEB-9E93224006AB}.Release|Any CPU.Build.0 = Release|Any CPU
		{42108C61-2ED4-4D24-877B-9720E4AAEA42}.Debug|Any CPU.ActiveCfg = Debug|Any CPU
		{42108C61-2ED4-4D24-877B-9720E4AAEA42}.Debug|Any CPU.Build.0 = Debug|Any CPU
		{42108C61-2ED4-4D24-877B-9720E4AAEA42}.Release|Any CPU.ActiveCfg = Release|Any CPU
		{42108C61-2ED4-4D24-877B-9720E4AAEA42}.Release|Any CPU.Build.0 = Release|Any CPU
		{B0647E89-E508-4D22-AAA5-956AF8A87580}.Debug|Any CPU.ActiveCfg = Debug|Any CPU
		{B0647E89-E508-4D22-AAA5-956AF8A87580}.Debug|Any CPU.Build.0 = Debug|Any CPU
		{B0647E89-E508-4D22-AAA5-956AF8A87580}.Release|Any CPU.ActiveCfg = Release|Any CPU
		{B0647E89-E508-4D22-AAA5-956AF8A87580}.Release|Any CPU.Build.0 = Release|Any CPU
		{3E47F6F7-50B7-443E-9CDE-50D9C567B923}.Debug|Any CPU.ActiveCfg = Debug|Any CPU
		{3E47F6F7-50B7-443E-9CDE-50D9C567B923}.Debug|Any CPU.Build.0 = Debug|Any CPU
		{3E47F6F7-50B7-443E-9CDE-50D9C567B923}.Release|Any CPU.ActiveCfg = Release|Any CPU
		{3E47F6F7-50B7-443E-9CDE-50D9C567B923}.Release|Any CPU.Build.0 = Release|Any CPU
	EndGlobalSection
	GlobalSection(SolutionProperties) = preSolution
		HideSolutionNode = FALSE
	EndGlobalSection
	GlobalSection(ExtensibilityGlobals) = postSolution
		SolutionGuid = {45E73327-8692-4948-A8FB-C26616103E7F}
	EndGlobalSection
EndGlobal
